{
    "_meta": {
        "hash": {
            "sha256": "71f74d99c8909f72a7e5b45a95eeb9d5324d55a91391e97ca2342fefd2646c95"
        },
        "pipfile-spec": 6,
        "requires": {
            "python_version": "3.8"
        },
        "sources": [
            {
                "name": "pypi",
                "url": "https://pypi.org/simple",
                "verify_ssl": true
            }
        ]
    },
    "default": {
        "django": {
            "hashes": [
                "sha256:30c235dec87e05667597e339f194c9fed6c855bda637266ceee891bf9093da43",
                "sha256:e319a7164d6d30cb177b3fd74d02c52f1185c37304057bb76d74047889c605d9"
            ],
            "index": "pypi",
            "version": "==2.2.19"
        },
        "django-barcode": {
            "hashes": [
                "sha256:062f50d8caac5507d17ea98e9170cb307951f9e9276f347a779405b537183140",
                "sha256:a4e319a2052d2d89b2cb13710a0ee904d4f40667efc0c977c9ef4d9ae7cf4155"
            ],
            "index": "pypi",
            "version": "==0.1.1"
        },
        "django-crum": {
            "hashes": [
                "sha256:037cc8b822975bb1d41cd24269b59a512cc77448fadc3f34ab9a17b229b4b471",
                "sha256:65e9bc0f070a663fafc4d9e357f45fd4e6f01838b20a9e2fb7670f5706754288"
            ],
            "index": "pypi",
            "version": "==0.7.9"
        },
        "django-materializecss-form": {
            "hashes": [
                "sha256:29cb4f1cb371d0f7a2b2c10af842e03d6e8b5de5b78aadf1416f24efd854494b",
                "sha256:648e81cc801fda172c7405966b29877d1242d9712b3d52c7b20aa3a78833a96a"
            ],
            "index": "pypi",
            "version": "==1.1.17"
        },
        "django-qr-code": {
            "hashes": [
                "sha256:5fdd84f4c02127c262e6987bd1a9396a47f2b806be04aa0bebfcb786a9f6a0b7",
                "sha256:ff495d9628e3d02ad8581c3b3f17940008d6613c69ffdc5abb67e02f8159db6e"
            ],
            "index": "pypi",
            "version": "==2.1.0"
        },
        "python-barcode": {
            "hashes": [
                "sha256:1a54b628bff1d6199594087c51d4d002c82dbbe640cfc930c7e2d3913f5d056b",
                "sha256:a2f5c46d8db8a9113994e525c88105aca11c02c4c554c74aea4b38b702dc3c08"
            ],
            "version": "==0.9.0"
        },
        "pytz": {
            "hashes": [
                "sha256:83a4a90894bf38e243cf052c8b58f381bfe9a7a483f6a9cab140bc7f702ac4da",
                "sha256:eb10ce3e7736052ed3623d49975ce333bcd712c7bb19a58b9e2089d4057d0798"
            ],
            "version": "==2021.1"
        },
        "segno": {
            "hashes": [
                "sha256:309281263ba820e49ce44556a27779709b86769b8f2161f94641a3119684dc4e",
                "sha256:51634ea16d2104e0a8f9309beb785abfdbc1b8c0fffef5d74c80522eec7490d6"
            ],
            "markers": "python_version >= '2.7' and python_version not in '3.0, 3.1, 3.2, 3.3, 3.4'",
            "version": "==1.3.1"
        },
        "sqlparse": {
            "hashes": [
                "sha256:017cde379adbd6a1f15a61873f43e8274179378e95ef3fede90b5aa64d304ed0",
                "sha256:0f91fd2e829c44362cbcfab3e9ae12e22badaa8a29ad5ff599f9ec109f0454e8"
            ],
            "markers": "python_version >= '3.5'",
            "version": "==0.4.1"
        }
    },
    "develop": {}
}
